
Microsoft Visual Studio Solution File, Format Version 12.00
# Visual Studio Version 17
VisualStudioVersion = 17.4.33205.214
MinimumVisualStudioVersion = 10.0.40219.1
Project("{FAE04EC0-301F-11D3-BF4B-00C04F79EFBC}") = "CartApi", "CartApi\CartApi.csproj", "{709A437E-AD27-4009-94F3-C8F9EC6833B2}"
EndProject
Global
	GlobalSection(SolutionConfigurationPlatforms) = preSolution
		Debug|Any CPU = Debug|Any CPU
		Release|Any CPU = Release|Any CPU
	EndGlobalSection
	GlobalSection(ProjectConfigurationPlatforms) = postSolution
		{709A437E-AD27-4009-94F3-C8F9EC6833B2}.Debug|Any CPU.ActiveCfg = Debug|Any CPU
		{709A437E-AD27-4009-94F3-C8F9EC6833B2}.Debug|Any CPU.Build.0 = Debug|Any CPU
		{709A437E-AD27-4009-94F3-C8F9EC6833B2}.Release|Any CPU.ActiveCfg = Release|Any CPU
		{709A437E-AD27-4009-94F3-C8F9EC6833B2}.Release|Any CPU.Build.0 = Release|Any CPU
	EndGlobalSection
	GlobalSection(SolutionProperties) = preSolution
		HideSolutionNode = FALSE
	EndGlobalSection
	GlobalSection(ExtensibilityGlobals) = postSolution
		SolutionGuid = {BA2A0E0C-E303-49EB-A885-E0B90151A827}
	EndGlobalSection
EndGlobal
