
Microsoft Visual Studio Solution File, Format Version 12.00
# Visual Studio Version 17
VisualStudioVersion = 17.4.33205.214
MinimumVisualStudioVersion = 10.0.40219.1
Project("{9A19103F-16F7-4668-BE54-9A1E7A4F7556}") = "CartApi", "CartApi\CartApi.csproj", "{709A437E-AD27-4009-94F3-C8F9EC6833B2}"
EndProject
Project("{9A19103F-16F7-4668-BE54-9A1E7A4F7556}") = "Application", "Application\Application.csproj", "{558B121D-518F-4C9E-ABD0-98142FD98AEE}"
EndProject
Project("{FAE04EC0-301F-11D3-BF4B-00C04F79EFBC}") = "Domain", "Domain\Domain.csproj", "{E4A1CB18-80EA-488E-80EC-ABB93B8CFE41}"
EndProject
Project("{FAE04EC0-301F-11D3-BF4B-00C04F79EFBC}") = "Infrastructure.Database", "Infrastructure.Database\Infrastructure.Database.csproj", "{50379DFA-2AF1-412B-96B3-718E55B81F72}"
EndProject
Project("{FAE04EC0-301F-11D3-BF4B-00C04F79EFBC}") = "Infrastructure.Communication", "Infrastructure.Communication\Infrastructure.Communication.csproj", "{B65F2FFC-9453-4757-A7BE-A1099B7EB2C6}"
EndProject
Global
	GlobalSection(SolutionConfigurationPlatforms) = preSolution
		Debug|Any CPU = Debug|Any CPU
		Release|Any CPU = Release|Any CPU
	EndGlobalSection
	GlobalSection(ProjectConfigurationPlatforms) = postSolution
		{709A437E-AD27-4009-94F3-C8F9EC6833B2}.Debug|Any CPU.ActiveCfg = Debug|Any CPU
		{709A437E-AD27-4009-94F3-C8F9EC6833B2}.Debug|Any CPU.Build.0 = Debug|Any CPU
		{709A437E-AD27-4009-94F3-C8F9EC6833B2}.Release|Any CPU.ActiveCfg = Release|Any CPU
		{709A437E-AD27-4009-94F3-C8F9EC6833B2}.Release|Any CPU.Build.0 = Release|Any CPU
		{558B121D-518F-4C9E-ABD0-98142FD98AEE}.Debug|Any CPU.ActiveCfg = Debug|Any CPU
		{558B121D-518F-4C9E-ABD0-98142FD98AEE}.Debug|Any CPU.Build.0 = Debug|Any CPU
		{558B121D-518F-4C9E-ABD0-98142FD98AEE}.Release|Any CPU.ActiveCfg = Release|Any CPU
		{558B121D-518F-4C9E-ABD0-98142FD98AEE}.Release|Any CPU.Build.0 = Release|Any CPU
		{E4A1CB18-80EA-488E-80EC-ABB93B8CFE41}.Debug|Any CPU.ActiveCfg = Debug|Any CPU
		{E4A1CB18-80EA-488E-80EC-ABB93B8CFE41}.Debug|Any CPU.Build.0 = Debug|Any CPU
		{E4A1CB18-80EA-488E-80EC-ABB93B8CFE41}.Release|Any CPU.ActiveCfg = Release|Any CPU
		{E4A1CB18-80EA-488E-80EC-ABB93B8CFE41}.Release|Any CPU.Build.0 = Release|Any CPU
		{50379DFA-2AF1-412B-96B3-718E55B81F72}.Debug|Any CPU.ActiveCfg = Debug|Any CPU
		{50379DFA-2AF1-412B-96B3-718E55B81F72}.Debug|Any CPU.Build.0 = Debug|Any CPU
		{50379DFA-2AF1-412B-96B3-718E55B81F72}.Release|Any CPU.ActiveCfg = Release|Any CPU
		{50379DFA-2AF1-412B-96B3-718E55B81F72}.Release|Any CPU.Build.0 = Release|Any CPU
		{B65F2FFC-9453-4757-A7BE-A1099B7EB2C6}.Debug|Any CPU.ActiveCfg = Debug|Any CPU
		{B65F2FFC-9453-4757-A7BE-A1099B7EB2C6}.Debug|Any CPU.Build.0 = Debug|Any CPU
		{B65F2FFC-9453-4757-A7BE-A1099B7EB2C6}.Release|Any CPU.ActiveCfg = Release|Any CPU
		{B65F2FFC-9453-4757-A7BE-A1099B7EB2C6}.Release|Any CPU.Build.0 = Release|Any CPU
	EndGlobalSection
	GlobalSection(SolutionProperties) = preSolution
		HideSolutionNode = FALSE
	EndGlobalSection
	GlobalSection(ExtensibilityGlobals) = postSolution
		SolutionGuid = {BA2A0E0C-E303-49EB-A885-E0B90151A827}
	EndGlobalSection
EndGlobal
